
Microsoft Visual Studio Solution File, Format Version 12.00
# Visual Studio Version 16
VisualStudioVersion = 16.0.30204.135
MinimumVisualStudioVersion = 10.0.40219.1
Project("{9A19103F-16F7-4668-BE54-9A1E7A4F7556}") = "Naty.Peludinho.Api", "src\Naty.Peludinho.Api\Naty.Peludinho.Api.csproj", "{E150898E-A256-4601-B00A-C69C1BB6E89D}"
EndProject
Project("{9A19103F-16F7-4668-BE54-9A1E7A4F7556}") = "Naty.Peludinho.Business", "src\Naty.Peludinho.Business\Naty.Peludinho.Business.csproj", "{C5A2B1A1-6010-4EBE-B55C-4733A8311733}"
EndProject
Project("{9A19103F-16F7-4668-BE54-9A1E7A4F7556}") = "Naty.Peludinho.Data", "src\Naty.Peludinho.Data\Naty.Peludinho.Data.csproj", "{B7B64064-A021-4CBF-8326-DCE0A0E7569C}"
EndProject
Global
	GlobalSection(SolutionConfigurationPlatforms) = preSolution
		Debug|Any CPU = Debug|Any CPU
		Release|Any CPU = Release|Any CPU
	EndGlobalSection
	GlobalSection(ProjectConfigurationPlatforms) = postSolution
		{E150898E-A256-4601-B00A-C69C1BB6E89D}.Debug|Any CPU.ActiveCfg = Debug|Any CPU
		{E150898E-A256-4601-B00A-C69C1BB6E89D}.Debug|Any CPU.Build.0 = Debug|Any CPU
		{E150898E-A256-4601-B00A-C69C1BB6E89D}.Release|Any CPU.ActiveCfg = Release|Any CPU
		{E150898E-A256-4601-B00A-C69C1BB6E89D}.Release|Any CPU.Build.0 = Release|Any CPU
		{C5A2B1A1-6010-4EBE-B55C-4733A8311733}.Debug|Any CPU.ActiveCfg = Debug|Any CPU
		{C5A2B1A1-6010-4EBE-B55C-4733A8311733}.Debug|Any CPU.Build.0 = Debug|Any CPU
		{C5A2B1A1-6010-4EBE-B55C-4733A8311733}.Release|Any CPU.ActiveCfg = Release|Any CPU
		{C5A2B1A1-6010-4EBE-B55C-4733A8311733}.Release|Any CPU.Build.0 = Release|Any CPU
		{B7B64064-A021-4CBF-8326-DCE0A0E7569C}.Debug|Any CPU.ActiveCfg = Debug|Any CPU
		{B7B64064-A021-4CBF-8326-DCE0A0E7569C}.Debug|Any CPU.Build.0 = Debug|Any CPU
		{B7B64064-A021-4CBF-8326-DCE0A0E7569C}.Release|Any CPU.ActiveCfg = Release|Any CPU
		{B7B64064-A021-4CBF-8326-DCE0A0E7569C}.Release|Any CPU.Build.0 = Release|Any CPU
	EndGlobalSection
	GlobalSection(SolutionProperties) = preSolution
		HideSolutionNode = FALSE
	EndGlobalSection
	GlobalSection(ExtensibilityGlobals) = postSolution
		SolutionGuid = {F096414C-FE07-43F3-A7C2-C02AEB14AA63}
	EndGlobalSection
EndGlobal
